// !$*UTF8*$!
{
	archiveVersion = 1;
	classes = {
	};
	objectVersion = 46;
	objects = {

/* Begin PBXBuildFile section */
		A9255C6815AB7D2400F9B8BE /* UIKit.framework in Frameworks */ = {isa = PBXBuildFile; fileRef = A9255C6715AB7D2400F9B8BE /* UIKit.framework */; };
		A9255C6A15AB7D2400F9B8BE /* Foundation.framework in Frameworks */ = {isa = PBXBuildFile; fileRef = A9255C6915AB7D2400F9B8BE /* Foundation.framework */; };
		A9255C6C15AB7D2400F9B8BE /* CoreGraphics.framework in Frameworks */ = {isa = PBXBuildFile; fileRef = A9255C6B15AB7D2400F9B8BE /* CoreGraphics.framework */; };
		A9255C7215AB7D2400F9B8BE /* InfoPlist.strings in Resources */ = {isa = PBXBuildFile; fileRef = A9255C7015AB7D2400F9B8BE /* InfoPlist.strings */; };
		A9255C7415AB7D2400F9B8BE /* main.m in Sources */ = {isa = PBXBuildFile; fileRef = A9255C7315AB7D2400F9B8BE /* main.m */; };
		A9255C7815AB7D2400F9B8BE /* AppDelegate.m in Sources */ = {isa = PBXBuildFile; fileRef = A9255C7715AB7D2400F9B8BE /* AppDelegate.m */; };
		A9255C8315AB7D6E00F9B8BE /* CompletedViewController.m in Sources */ = {isa = PBXBuildFile; fileRef = A9255C7F15AB7D6E00F9B8BE /* CompletedViewController.m */; };
		A9255C8415AB7D6E00F9B8BE /* CompletedViewController.xib in Resources */ = {isa = PBXBuildFile; fileRef = A9255C8015AB7D6E00F9B8BE /* CompletedViewController.xib */; };
		A9255C8515AB7D6E00F9B8BE /* DropboxInterface.m in Sources */ = {isa = PBXBuildFile; fileRef = A9255C8215AB7D6E00F9B8BE /* DropboxInterface.m */; };
		A9255C8E15AB7D7800F9B8BE /* QuestionViewController.m in Sources */ = {isa = PBXBuildFile; fileRef = A9255C8715AB7D7800F9B8BE /* QuestionViewController.m */; };
		A9255C8F15AB7D7800F9B8BE /* QuestionViewController.xib in Resources */ = {isa = PBXBuildFile; fileRef = A9255C8815AB7D7800F9B8BE /* QuestionViewController.xib */; };
		A9255C9015AB7D7800F9B8BE /* SurveyViewController.m in Sources */ = {isa = PBXBuildFile; fileRef = A9255C8A15AB7D7800F9B8BE /* SurveyViewController.m */; };
		A9255C9115AB7D7800F9B8BE /* SurveyViewController.xib in Resources */ = {isa = PBXBuildFile; fileRef = A9255C8B15AB7D7800F9B8BE /* SurveyViewController.xib */; };
		A9255C9215AB7D7800F9B8BE /* ViewController.m in Sources */ = {isa = PBXBuildFile; fileRef = A9255C8D15AB7D7800F9B8BE /* ViewController.m */; };
		A9255C9615AB7D8700F9B8BE /* BackActive.png in Resources */ = {isa = PBXBuildFile; fileRef = A9255C9315AB7D8700F9B8BE /* BackActive.png */; };
		A9255C9715AB7D8700F9B8BE /* DONE.png in Resources */ = {isa = PBXBuildFile; fileRef = A9255C9415AB7D8700F9B8BE /* DONE.png */; };
		A9255C9815AB7D8700F9B8BE /* NextActive.png in Resources */ = {isa = PBXBuildFile; fileRef = A9255C9515AB7D8700F9B8BE /* NextActive.png */; };
		A9255CB315AB7DEA00F9B8BE /* DropboxSDK.framework in Frameworks */ = {isa = PBXBuildFile; fileRef = A9255CB215AB7DEA00F9B8BE /* DropboxSDK.framework */; };
		A9255CB515AB7E6100F9B8BE /* Security.framework in Frameworks */ = {isa = PBXBuildFile; fileRef = A9255CB415AB7E6100F9B8BE /* Security.framework */; };
		A9255CB715AB7E6700F9B8BE /* QuartzCore.framework in Frameworks */ = {isa = PBXBuildFile; fileRef = A9255CB615AB7E6700F9B8BE /* QuartzCore.framework */; };
		A9255CBA15AB7EF600F9B8BE /* ViewController.xib in Resources */ = {isa = PBXBuildFile; fileRef = A9255CB815AB7EF600F9B8BE /* ViewController.xib */; };
		A9255CCA15AB90C700F9B8BE /* Image_0.png in Resources */ = {isa = PBXBuildFile; fileRef = A9255CC115AB90C700F9B8BE /* Image_0.png */; };
		A9255CCB15AB90C700F9B8BE /* Image_1.png in Resources */ = {isa = PBXBuildFile; fileRef = A9255CC215AB90C700F9B8BE /* Image_1.png */; };
		A9255CCC15AB90C700F9B8BE /* Image_2.png in Resources */ = {isa = PBXBuildFile; fileRef = A9255CC315AB90C700F9B8BE /* Image_2.png */; };
		A9255CCD15AB90C700F9B8BE /* Image_3.png in Resources */ = {isa = PBXBuildFile; fileRef = A9255CC415AB90C700F9B8BE /* Image_3.png */; };
		A9255CCE15AB90C700F9B8BE /* Image_4.png in Resources */ = {isa = PBXBuildFile; fileRef = A9255CC515AB90C700F9B8BE /* Image_4.png */; };
		A9255CCF15AB90C700F9B8BE /* Image_5.png in Resources */ = {isa = PBXBuildFile; fileRef = A9255CC615AB90C700F9B8BE /* Image_5.png */; };
		A9255CD015AB90C700F9B8BE /* Image_6.png in Resources */ = {isa = PBXBuildFile; fileRef = A9255CC715AB90C700F9B8BE /* Image_6.png */; };
		A9255CD115AB90C700F9B8BE /* Image_7.png in Resources */ = {isa = PBXBuildFile; fileRef = A9255CC815AB90C700F9B8BE /* Image_7.png */; };
		A9255CD215AB90C700F9B8BE /* Image_8.png in Resources */ = {isa = PBXBuildFile; fileRef = A9255CC915AB90C700F9B8BE /* Image_8.png */; };
/* End PBXBuildFile section */

/* Begin PBXFileReference section */
		A9255C6315AB7D2400F9B8BE /* Interview.app */ = {isa = PBXFileReference; explicitFileType = wrapper.application; includeInIndex = 0; path = Interview.app; sourceTree = BUILT_PRODUCTS_DIR; };
		A9255C6715AB7D2400F9B8BE /* UIKit.framework */ = {isa = PBXFileReference; lastKnownFileType = wrapper.framework; name = UIKit.framework; path = System/Library/Frameworks/UIKit.framework; sourceTree = SDKROOT; };
		A9255C6915AB7D2400F9B8BE /* Foundation.framework */ = {isa = PBXFileReference; lastKnownFileType = wrapper.framework; name = Foundation.framework; path = System/Library/Frameworks/Foundation.framework; sourceTree = SDKROOT; };
		A9255C6B15AB7D2400F9B8BE /* CoreGraphics.framework */ = {isa = PBXFileReference; lastKnownFileType = wrapper.framework; name = CoreGraphics.framework; path = System/Library/Frameworks/CoreGraphics.framework; sourceTree = SDKROOT; };
		A9255C6F15AB7D2400F9B8BE /* Interview-Info.plist */ = {isa = PBXFileReference; lastKnownFileType = text.plist.xml; path = "Interview-Info.plist"; sourceTree = "<group>"; };
		A9255C7115AB7D2400F9B8BE /* en */ = {isa = PBXFileReference; lastKnownFileType = text.plist.strings; name = en; path = en.lproj/InfoPlist.strings; sourceTree = "<group>"; };
		A9255C7315AB7D2400F9B8BE /* main.m */ = {isa = PBXFileReference; lastKnownFileType = sourcecode.c.objc; path = main.m; sourceTree = "<group>"; };
		A9255C7515AB7D2400F9B8BE /* Interview-Prefix.pch */ = {isa = PBXFileReference; lastKnownFileType = sourcecode.c.h; path = "Interview-Prefix.pch"; sourceTree = "<group>"; };
		A9255C7615AB7D2400F9B8BE /* AppDelegate.h */ = {isa = PBXFileReference; lastKnownFileType = sourcecode.c.h; path = AppDelegate.h; sourceTree = "<group>"; };
		A9255C7715AB7D2400F9B8BE /* AppDelegate.m */ = {isa = PBXFileReference; lastKnownFileType = sourcecode.c.objc; path = AppDelegate.m; sourceTree = "<group>"; };
		A9255C7E15AB7D6E00F9B8BE /* CompletedViewController.h */ = {isa = PBXFileReference; fileEncoding = 4; lastKnownFileType = sourcecode.c.h; path = CompletedViewController.h; sourceTree = "<group>"; };
		A9255C7F15AB7D6E00F9B8BE /* CompletedViewController.m */ = {isa = PBXFileReference; fileEncoding = 4; lastKnownFileType = sourcecode.c.objc; path = CompletedViewController.m; sourceTree = "<group>"; };
		A9255C8015AB7D6E00F9B8BE /* CompletedViewController.xib */ = {isa = PBXFileReference; fileEncoding = 4; lastKnownFileType = file.xib; path = CompletedViewController.xib; sourceTree = "<group>"; };
		A9255C8115AB7D6E00F9B8BE /* DropboxInterface.h */ = {isa = PBXFileReference; fileEncoding = 4; lastKnownFileType = sourcecode.c.h; path = DropboxInterface.h; sourceTree = "<group>"; };
		A9255C8215AB7D6E00F9B8BE /* DropboxInterface.m */ = {isa = PBXFileReference; fileEncoding = 4; lastKnownFileType = sourcecode.c.objc; path = DropboxInterface.m; sourceTree = "<group>"; };
		A9255C8615AB7D7800F9B8BE /* QuestionViewController.h */ = {isa = PBXFileReference; fileEncoding = 4; lastKnownFileType = sourcecode.c.h; path = QuestionViewController.h; sourceTree = "<group>"; };
		A9255C8715AB7D7800F9B8BE /* QuestionViewController.m */ = {isa = PBXFileReference; fileEncoding = 4; lastKnownFileType = sourcecode.c.objc; path = QuestionViewController.m; sourceTree = "<group>"; };
		A9255C8815AB7D7800F9B8BE /* QuestionViewController.xib */ = {isa = PBXFileReference; fileEncoding = 4; lastKnownFileType = file.xib; path = QuestionViewController.xib; sourceTree = "<group>"; };
		A9255C8915AB7D7800F9B8BE /* SurveyViewController.h */ = {isa = PBXFileReference; fileEncoding = 4; lastKnownFileType = sourcecode.c.h; path = SurveyViewController.h; sourceTree = "<group>"; };
		A9255C8A15AB7D7800F9B8BE /* SurveyViewController.m */ = {isa = PBXFileReference; fileEncoding = 4; lastKnownFileType = sourcecode.c.objc; path = SurveyViewController.m; sourceTree = "<group>"; };
		A9255C8B15AB7D7800F9B8BE /* SurveyViewController.xib */ = {isa = PBXFileReference; fileEncoding = 4; lastKnownFileType = file.xib; path = SurveyViewController.xib; sourceTree = "<group>"; };
		A9255C8C15AB7D7800F9B8BE /* ViewController.h */ = {isa = PBXFileReference; fileEncoding = 4; lastKnownFileType = sourcecode.c.h; path = ViewController.h; sourceTree = "<group>"; };
		A9255C8D15AB7D7800F9B8BE /* ViewController.m */ = {isa = PBXFileReference; fileEncoding = 4; lastKnownFileType = sourcecode.c.objc; path = ViewController.m; sourceTree = "<group>"; };
		A9255C9315AB7D8700F9B8BE /* BackActive.png */ = {isa = PBXFileReference; lastKnownFileType = image.png; name = BackActive.png; path = Images/BackActive.png; sourceTree = "<group>"; };
		A9255C9415AB7D8700F9B8BE /* DONE.png */ = {isa = PBXFileReference; lastKnownFileType = image.png; name = DONE.png; path = Images/DONE.png; sourceTree = "<group>"; };
		A9255C9515AB7D8700F9B8BE /* NextActive.png */ = {isa = PBXFileReference; lastKnownFileType = image.png; name = NextActive.png; path = Images/NextActive.png; sourceTree = "<group>"; };
		A9255CB215AB7DEA00F9B8BE /* DropboxSDK.framework */ = {isa = PBXFileReference; lastKnownFileType = wrapper.framework; name = DropboxSDK.framework; path = Interview/DropboxSDK.framework; sourceTree = "<group>"; };
		A9255CB415AB7E6100F9B8BE /* Security.framework */ = {isa = PBXFileReference; lastKnownFileType = wrapper.framework; name = Security.framework; path = System/Library/Frameworks/Security.framework; sourceTree = SDKROOT; };
		A9255CB615AB7E6700F9B8BE /* QuartzCore.framework */ = {isa = PBXFileReference; lastKnownFileType = wrapper.framework; name = QuartzCore.framework; path = System/Library/Frameworks/QuartzCore.framework; sourceTree = SDKROOT; };
		A9255CB915AB7EF600F9B8BE /* en */ = {isa = PBXFileReference; lastKnownFileType = file.xib; name = en; path = en.lproj/ViewController.xib; sourceTree = "<group>"; };
		A9255CC115AB90C700F9B8BE /* Image_0.png */ = {isa = PBXFileReference; lastKnownFileType = image.png; path = Image_0.png; sourceTree = "<group>"; };
		A9255CC215AB90C700F9B8BE /* Image_1.png */ = {isa = PBXFileReference; lastKnownFileType = image.png; path = Image_1.png; sourceTree = "<group>"; };
		A9255CC315AB90C700F9B8BE /* Image_2.png */ = {isa = PBXFileReference; lastKnownFileType = image.png; path = Image_2.png; sourceTree = "<group>"; };
		A9255CC415AB90C700F9B8BE /* Image_3.png */ = {isa = PBXFileReference; lastKnownFileType = image.png; path = Image_3.png; sourceTree = "<group>"; };
		A9255CC515AB90C700F9B8BE /* Image_4.png */ = {isa = PBXFileReference; lastKnownFileType = image.png; path = Image_4.png; sourceTree = "<group>"; };
		A9255CC615AB90C700F9B8BE /* Image_5.png */ = {isa = PBXFileReference; lastKnownFileType = image.png; path = Image_5.png; sourceTree = "<group>"; };
		A9255CC715AB90C700F9B8BE /* Image_6.png */ = {isa = PBXFileReference; lastKnownFileType = image.png; path = Image_6.png; sourceTree = "<group>"; };
		A9255CC815AB90C700F9B8BE /* Image_7.png */ = {isa = PBXFileReference; lastKnownFileType = image.png; path = Image_7.png; sourceTree = "<group>"; };
		A9255CC915AB90C700F9B8BE /* Image_8.png */ = {isa = PBXFileReference; lastKnownFileType = image.png; path = Image_8.png; sourceTree = "<group>"; };
/* End PBXFileReference section */

/* Begin PBXFrameworksBuildPhase section */
		A9255C6015AB7D2400F9B8BE /* Frameworks */ = {
			isa = PBXFrameworksBuildPhase;
			buildActionMask = 2147483647;
			files = (
				A9255CB715AB7E6700F9B8BE /* QuartzCore.framework in Frameworks */,
				A9255CB515AB7E6100F9B8BE /* Security.framework in Frameworks */,
				A9255C6815AB7D2400F9B8BE /* UIKit.framework in Frameworks */,
				A9255C6A15AB7D2400F9B8BE /* Foundation.framework in Frameworks */,
				A9255C6C15AB7D2400F9B8BE /* CoreGraphics.framework in Frameworks */,
				A9255CB315AB7DEA00F9B8BE /* DropboxSDK.framework in Frameworks */,
			);
			runOnlyForDeploymentPostprocessing = 0;
		};
/* End PBXFrameworksBuildPhase section */

/* Begin PBXGroup section */
		A9255C5815AB7D2300F9B8BE = {
			isa = PBXGroup;
			children = (
				A9255C6D15AB7D2400F9B8BE /* Interview */,
				A9255C6615AB7D2400F9B8BE /* Frameworks */,
				A9255C6415AB7D2400F9B8BE /* Products */,
			);
			sourceTree = "<group>";
		};
		A9255C6415AB7D2400F9B8BE /* Products */ = {
			isa = PBXGroup;
			children = (
				A9255C6315AB7D2400F9B8BE /* Interview.app */,
			);
			name = Products;
			sourceTree = "<group>";
		};
		A9255C6615AB7D2400F9B8BE /* Frameworks */ = {
			isa = PBXGroup;
			children = (
				A9255CB615AB7E6700F9B8BE /* QuartzCore.framework */,
				A9255CB415AB7E6100F9B8BE /* Security.framework */,
				A9255CB215AB7DEA00F9B8BE /* DropboxSDK.framework */,
				A9255C6715AB7D2400F9B8BE /* UIKit.framework */,
				A9255C6915AB7D2400F9B8BE /* Foundation.framework */,
				A9255C6B15AB7D2400F9B8BE /* CoreGraphics.framework */,
			);
			name = Frameworks;
			sourceTree = "<group>";
		};
		A9255C6D15AB7D2400F9B8BE /* Interview */ = {
			isa = PBXGroup;
			children = (
				A9255C9A15AB7D9900F9B8BE /* XIB */,
				A9255C9915AB7D8D00F9B8BE /* Images */,
				A9255C8615AB7D7800F9B8BE /* QuestionViewController.h */,
				A9255C8715AB7D7800F9B8BE /* QuestionViewController.m */,
				A9255C8915AB7D7800F9B8BE /* SurveyViewController.h */,
				A9255C8A15AB7D7800F9B8BE /* SurveyViewController.m */,
				A9255C8C15AB7D7800F9B8BE /* ViewController.h */,
				A9255C8D15AB7D7800F9B8BE /* ViewController.m */,
				A9255C7E15AB7D6E00F9B8BE /* CompletedViewController.h */,
				A9255C7F15AB7D6E00F9B8BE /* CompletedViewController.m */,
				A9255C8115AB7D6E00F9B8BE /* DropboxInterface.h */,
				A9255C8215AB7D6E00F9B8BE /* DropboxInterface.m */,
				A9255C7615AB7D2400F9B8BE /* AppDelegate.h */,
				A9255C7715AB7D2400F9B8BE /* AppDelegate.m */,
				A9255C6E15AB7D2400F9B8BE /* Supporting Files */,
			);
			path = Interview;
			sourceTree = "<group>";
		};
		A9255C6E15AB7D2400F9B8BE /* Supporting Files */ = {
			isa = PBXGroup;
			children = (
				A9255C6F15AB7D2400F9B8BE /* Interview-Info.plist */,
				A9255C7015AB7D2400F9B8BE /* InfoPlist.strings */,
				A9255C7315AB7D2400F9B8BE /* main.m */,
				A9255C7515AB7D2400F9B8BE /* Interview-Prefix.pch */,
			);
			name = "Supporting Files";
			sourceTree = "<group>";
		};
		A9255C9915AB7D8D00F9B8BE /* Images */ = {
			isa = PBXGroup;
			children = (
				A9255CC015AB90C700F9B8BE /* Labels.assets */,
				A9255C9315AB7D8700F9B8BE /* BackActive.png */,
				A9255C9415AB7D8700F9B8BE /* DONE.png */,
				A9255C9515AB7D8700F9B8BE /* NextActive.png */,
			);
			name = Images;
			sourceTree = "<group>";
		};
		A9255C9A15AB7D9900F9B8BE /* XIB */ = {
			isa = PBXGroup;
			children = (
				A9255CB815AB7EF600F9B8BE /* ViewController.xib */,
				A9255C8815AB7D7800F9B8BE /* QuestionViewController.xib */,
				A9255C8B15AB7D7800F9B8BE /* SurveyViewController.xib */,
				A9255C8015AB7D6E00F9B8BE /* CompletedViewController.xib */,
			);
			name = XIB;
			sourceTree = "<group>";
		};
		A9255CC015AB90C700F9B8BE /* Labels.assets */ = {
			isa = PBXGroup;
			children = (
				A9255CC115AB90C700F9B8BE /* Image_0.png */,
				A9255CC215AB90C700F9B8BE /* Image_1.png */,
				A9255CC315AB90C700F9B8BE /* Image_2.png */,
				A9255CC415AB90C700F9B8BE /* Image_3.png */,
				A9255CC515AB90C700F9B8BE /* Image_4.png */,
				A9255CC615AB90C700F9B8BE /* Image_5.png */,
				A9255CC715AB90C700F9B8BE /* Image_6.png */,
				A9255CC815AB90C700F9B8BE /* Image_7.png */,
				A9255CC915AB90C700F9B8BE /* Image_8.png */,
			);
			name = Labels.assets;
			path = Images/Labels.assets;
			sourceTree = "<group>";
		};
/* End PBXGroup section */

/* Begin PBXNativeTarget section */
		A9255C6215AB7D2400F9B8BE /* Interview */ = {
			isa = PBXNativeTarget;
			buildConfigurationList = A9255C7B15AB7D2400F9B8BE /* Build configuration list for PBXNativeTarget "Interview" */;
			buildPhases = (
				A9255C5F15AB7D2400F9B8BE /* Sources */,
				A9255C6015AB7D2400F9B8BE /* Frameworks */,
				A9255C6115AB7D2400F9B8BE /* Resources */,
			);
			buildRules = (
			);
			dependencies = (
			);
			name = Interview;
			productName = Interview;
			productReference = A9255C6315AB7D2400F9B8BE /* Interview.app */;
			productType = "com.apple.product-type.application";
		};
/* End PBXNativeTarget section */

/* Begin PBXProject section */
		A9255C5A15AB7D2300F9B8BE /* Project object */ = {
			isa = PBXProject;
			attributes = {
				LastUpgradeCheck = 0430;
			};
			buildConfigurationList = A9255C5D15AB7D2300F9B8BE /* Build configuration list for PBXProject "Interview" */;
			compatibilityVersion = "Xcode 3.2";
			developmentRegion = English;
			hasScannedForEncodings = 0;
			knownRegions = (
				en,
			);
			mainGroup = A9255C5815AB7D2300F9B8BE;
			productRefGroup = A9255C6415AB7D2400F9B8BE /* Products */;
			projectDirPath = "";
			projectRoot = "";
			targets = (
				A9255C6215AB7D2400F9B8BE /* Interview */,
			);
		};
/* End PBXProject section */

/* Begin PBXResourcesBuildPhase section */
		A9255C6115AB7D2400F9B8BE /* Resources */ = {
			isa = PBXResourcesBuildPhase;
			buildActionMask = 2147483647;
			files = (
				A9255C7215AB7D2400F9B8BE /* InfoPlist.strings in Resources */,
				A9255C8415AB7D6E00F9B8BE /* CompletedViewController.xib in Resources */,
				A9255C8F15AB7D7800F9B8BE /* QuestionViewController.xib in Resources */,
				A9255C9115AB7D7800F9B8BE /* SurveyViewController.xib in Resources */,
				A9255C9615AB7D8700F9B8BE /* BackActive.png in Resources */,
				A9255C9715AB7D8700F9B8BE /* DONE.png in Resources */,
				A9255C9815AB7D8700F9B8BE /* NextActive.png in Resources */,
				A9255CBA15AB7EF600F9B8BE /* ViewController.xib in Resources */,
				A9255CCA15AB90C700F9B8BE /* Image_0.png in Resources */,
				A9255CCB15AB90C700F9B8BE /* Image_1.png in Resources */,
				A9255CCC15AB90C700F9B8BE /* Image_2.png in Resources */,
				A9255CCD15AB90C700F9B8BE /* Image_3.png in Resources */,
				A9255CCE15AB90C700F9B8BE /* Image_4.png in Resources */,
				A9255CCF15AB90C700F9B8BE /* Image_5.png in Resources */,
				A9255CD015AB90C700F9B8BE /* Image_6.png in Resources */,
				A9255CD115AB90C700F9B8BE /* Image_7.png in Resources */,
				A9255CD215AB90C700F9B8BE /* Image_8.png in Resources */,
			);
			runOnlyForDeploymentPostprocessing = 0;
		};
/* End PBXResourcesBuildPhase section */

/* Begin PBXSourcesBuildPhase section */
		A9255C5F15AB7D2400F9B8BE /* Sources */ = {
			isa = PBXSourcesBuildPhase;
			buildActionMask = 2147483647;
			files = (
				A9255C7415AB7D2400F9B8BE /* main.m in Sources */,
				A9255C7815AB7D2400F9B8BE /* AppDelegate.m in Sources */,
				A9255C8315AB7D6E00F9B8BE /* CompletedViewController.m in Sources */,
				A9255C8515AB7D6E00F9B8BE /* DropboxInterface.m in Sources */,
				A9255C8E15AB7D7800F9B8BE /* QuestionViewController.m in Sources */,
				A9255C9015AB7D7800F9B8BE /* SurveyViewController.m in Sources */,
				A9255C9215AB7D7800F9B8BE /* ViewController.m in Sources */,
			);
			runOnlyForDeploymentPostprocessing = 0;
		};
/* End PBXSourcesBuildPhase section */

/* Begin PBXVariantGroup section */
		A9255C7015AB7D2400F9B8BE /* InfoPlist.strings */ = {
			isa = PBXVariantGroup;
			children = (
				A9255C7115AB7D2400F9B8BE /* en */,
			);
			name = InfoPlist.strings;
			sourceTree = "<group>";
		};
		A9255CB815AB7EF600F9B8BE /* ViewController.xib */ = {
			isa = PBXVariantGroup;
			children = (
				A9255CB915AB7EF600F9B8BE /* en */,
			);
			name = ViewController.xib;
			sourceTree = "<group>";
		};
/* End PBXVariantGroup section */

/* Begin XCBuildConfiguration section */
		A9255C7915AB7D2400F9B8BE /* Debug */ = {
			isa = XCBuildConfiguration;
			buildSettings = {
				ALWAYS_SEARCH_USER_PATHS = NO;
				ARCHS = "$(ARCHS_STANDARD_32_BIT)";
				CLANG_ENABLE_OBJC_ARC = YES;
				"CODE_SIGN_IDENTITY[sdk=iphoneos*]" = "iPhone Developer";
				COPY_PHASE_STRIP = NO;
				GCC_C_LANGUAGE_STANDARD = gnu99;
				GCC_DYNAMIC_NO_PIC = NO;
				GCC_OPTIMIZATION_LEVEL = 0;
				GCC_PREPROCESSOR_DEFINITIONS = (
					"DEBUG=1",
					"$(inherited)",
				);
				GCC_SYMBOLS_PRIVATE_EXTERN = NO;
				GCC_VERSION = com.apple.compilers.llvm.clang.1_0;
				GCC_WARN_ABOUT_RETURN_TYPE = YES;
				GCC_WARN_UNINITIALIZED_AUTOS = YES;
				GCC_WARN_UNUSED_VARIABLE = YES;
				IPHONEOS_DEPLOYMENT_TARGET = 5.1;
				SDKROOT = iphoneos;
				TARGETED_DEVICE_FAMILY = 2;
			};
			name = Debug;
		};
		A9255C7A15AB7D2400F9B8BE /* Release */ = {
			isa = XCBuildConfiguration;
			buildSettings = {
				ALWAYS_SEARCH_USER_PATHS = NO;
				ARCHS = "$(ARCHS_STANDARD_32_BIT)";
				CLANG_ENABLE_OBJC_ARC = YES;
				"CODE_SIGN_IDENTITY[sdk=iphoneos*]" = "iPhone Developer";
				COPY_PHASE_STRIP = YES;
				GCC_C_LANGUAGE_STANDARD = gnu99;
				GCC_VERSION = com.apple.compilers.llvm.clang.1_0;
				GCC_WARN_ABOUT_RETURN_TYPE = YES;
				GCC_WARN_UNINITIALIZED_AUTOS = YES;
				GCC_WARN_UNUSED_VARIABLE = YES;
				IPHONEOS_DEPLOYMENT_TARGET = 5.1;
				OTHER_CFLAGS = "-DNS_BLOCK_ASSERTIONS=1";
				SDKROOT = iphoneos;
				TARGETED_DEVICE_FAMILY = 2;
				VALIDATE_PRODUCT = YES;
			};
			name = Release;
		};
		A9255C7C15AB7D2400F9B8BE /* Debug */ = {
			isa = XCBuildConfiguration;
			buildSettings = {
				FRAMEWORK_SEARCH_PATHS = (
					"$(inherited)",
					"\"$(SRCROOT)/Interview\"",
				);
				GCC_PRECOMPILE_PREFIX_HEADER = YES;
				GCC_PREFIX_HEADER = "Interview/Interview-Prefix.pch";
				INFOPLIST_FILE = "Interview/Interview-Info.plist";
				PRODUCT_NAME = "$(TARGET_NAME)";
				WRAPPER_EXTENSION = app;
			};
			name = Debug;
		};
		A9255C7D15AB7D2400F9B8BE /* Release */ = {
			isa = XCBuildConfiguration;
			buildSettings = {
				FRAMEWORK_SEARCH_PATHS = (
					"$(inherited)",
					"\"$(SRCROOT)/Interview\"",
				);
				GCC_PRECOMPILE_PREFIX_HEADER = YES;
				GCC_PREFIX_HEADER = "Interview/Interview-Prefix.pch";
				INFOPLIST_FILE = "Interview/Interview-Info.plist";
				PRODUCT_NAME = "$(TARGET_NAME)";
				WRAPPER_EXTENSION = app;
			};
			name = Release;
		};
/* End XCBuildConfiguration section */

/* Begin XCConfigurationList section */
		A9255C5D15AB7D2300F9B8BE /* Build configuration list for PBXProject "Interview" */ = {
			isa = XCConfigurationList;
			buildConfigurations = (
				A9255C7915AB7D2400F9B8BE /* Debug */,
				A9255C7A15AB7D2400F9B8BE /* Release */,
			);
			defaultConfigurationIsVisible = 0;
			defaultConfigurationName = Release;
		};
		A9255C7B15AB7D2400F9B8BE /* Build configuration list for PBXNativeTarget "Interview" */ = {
			isa = XCConfigurationList;
			buildConfigurations = (
				A9255C7C15AB7D2400F9B8BE /* Debug */,
				A9255C7D15AB7D2400F9B8BE /* Release */,
			);
			defaultConfigurationIsVisible = 0;
			defaultConfigurationName = Release;
		};
/* End XCConfigurationList section */
	};
	rootObject = A9255C5A15AB7D2300F9B8BE /* Project object */;
}
